
Microsoft Visual Studio Solution File, Format Version 12.00
# Visual Studio Version 16
VisualStudioVersion = 16.0.30406.217
MinimumVisualStudioVersion = 10.0.40219.1
Project("{FAE04EC0-301F-11D3-BF4B-00C04F79EFBC}") = "ObservableCollectionExample", "..\ObservableCollectionExample\ObservableCollectionExample.csproj", "{6D7C14A1-21E1-4F0C-BD0E-A23AD48CD717}"
EndProject
Project("{FAE04EC0-301F-11D3-BF4B-00C04F79EFBC}") = "Jsondemo", "Jsondemo\Jsondemo.csproj", "{704CD1C4-8114-489F-BC98-77DF131A78F9}"
EndProject
Project("{FAE04EC0-301F-11D3-BF4B-00C04F79EFBC}") = "MyWeather", "MyWeather\MyWeather.csproj", "{35279559-35CA-420B-8CE8-BE6BF7448FCB}"
EndProject
Project("{FAE04EC0-301F-11D3-BF4B-00C04F79EFBC}") = "WeatherDemo", "WeatherDemo\WeatherDemo.csproj", "{5DC18552-8A90-45A5-84F5-A0EC3556ED35}"
EndProject
Global
	GlobalSection(SolutionConfigurationPlatforms) = preSolution
		Debug|ARM = Debug|ARM
		Debug|ARM64 = Debug|ARM64
		Debug|x64 = Debug|x64
		Debug|x86 = Debug|x86
		Release|ARM = Release|ARM
		Release|ARM64 = Release|ARM64
		Release|x64 = Release|x64
		Release|x86 = Release|x86
	EndGlobalSection
	GlobalSection(ProjectConfigurationPlatforms) = postSolution
		{6D7C14A1-21E1-4F0C-BD0E-A23AD48CD717}.Debug|ARM.ActiveCfg = Debug|ARM
		{6D7C14A1-21E1-4F0C-BD0E-A23AD48CD717}.Debug|ARM.Build.0 = Debug|ARM
		{6D7C14A1-21E1-4F0C-BD0E-A23AD48CD717}.Debug|ARM.Deploy.0 = Debug|ARM
		{6D7C14A1-21E1-4F0C-BD0E-A23AD48CD717}.Debug|ARM64.ActiveCfg = Debug|ARM64
		{6D7C14A1-21E1-4F0C-BD0E-A23AD48CD717}.Debug|ARM64.Build.0 = Debug|ARM64
		{6D7C14A1-21E1-4F0C-BD0E-A23AD48CD717}.Debug|ARM64.Deploy.0 = Debug|ARM64
		{6D7C14A1-21E1-4F0C-BD0E-A23AD48CD717}.Debug|x64.ActiveCfg = Debug|x64
		{6D7C14A1-21E1-4F0C-BD0E-A23AD48CD717}.Debug|x64.Build.0 = Debug|x64
		{6D7C14A1-21E1-4F0C-BD0E-A23AD48CD717}.Debug|x64.Deploy.0 = Debug|x64
		{6D7C14A1-21E1-4F0C-BD0E-A23AD48CD717}.Debug|x86.ActiveCfg = Debug|x86
		{6D7C14A1-21E1-4F0C-BD0E-A23AD48CD717}.Debug|x86.Build.0 = Debug|x86
		{6D7C14A1-21E1-4F0C-BD0E-A23AD48CD717}.Debug|x86.Deploy.0 = Debug|x86
		{6D7C14A1-21E1-4F0C-BD0E-A23AD48CD717}.Release|ARM.ActiveCfg = Release|ARM
		{6D7C14A1-21E1-4F0C-BD0E-A23AD48CD717}.Release|ARM.Build.0 = Release|ARM
		{6D7C14A1-21E1-4F0C-BD0E-A23AD48CD717}.Release|ARM.Deploy.0 = Release|ARM
		{6D7C14A1-21E1-4F0C-BD0E-A23AD48CD717}.Release|ARM64.ActiveCfg = Release|ARM64
		{6D7C14A1-21E1-4F0C-BD0E-A23AD48CD717}.Release|ARM64.Build.0 = Release|ARM64
		{6D7C14A1-21E1-4F0C-BD0E-A23AD48CD717}.Release|ARM64.Deploy.0 = Release|ARM64
		{6D7C14A1-21E1-4F0C-BD0E-A23AD48CD717}.Release|x64.ActiveCfg = Release|x64
		{6D7C14A1-21E1-4F0C-BD0E-A23AD48CD717}.Release|x64.Build.0 = Release|x64
		{6D7C14A1-21E1-4F0C-BD0E-A23AD48CD717}.Release|x64.Deploy.0 = Release|x64
		{6D7C14A1-21E1-4F0C-BD0E-A23AD48CD717}.Release|x86.ActiveCfg = Release|x86
		{6D7C14A1-21E1-4F0C-BD0E-A23AD48CD717}.Release|x86.Build.0 = Release|x86
		{6D7C14A1-21E1-4F0C-BD0E-A23AD48CD717}.Release|x86.Deploy.0 = Release|x86
		{704CD1C4-8114-489F-BC98-77DF131A78F9}.Debug|ARM.ActiveCfg = Debug|ARM
		{704CD1C4-8114-489F-BC98-77DF131A78F9}.Debug|ARM.Build.0 = Debug|ARM
		{704CD1C4-8114-489F-BC98-77DF131A78F9}.Debug|ARM.Deploy.0 = Debug|ARM
		{704CD1C4-8114-489F-BC98-77DF131A78F9}.Debug|ARM64.ActiveCfg = Debug|ARM64
		{704CD1C4-8114-489F-BC98-77DF131A78F9}.Debug|ARM64.Build.0 = Debug|ARM64
		{704CD1C4-8114-489F-BC98-77DF131A78F9}.Debug|ARM64.Deploy.0 = Debug|ARM64
		{704CD1C4-8114-489F-BC98-77DF131A78F9}.Debug|x64.ActiveCfg = Debug|x64
		{704CD1C4-8114-489F-BC98-77DF131A78F9}.Debug|x64.Build.0 = Debug|x64
		{704CD1C4-8114-489F-BC98-77DF131A78F9}.Debug|x64.Deploy.0 = Debug|x64
		{704CD1C4-8114-489F-BC98-77DF131A78F9}.Debug|x86.ActiveCfg = Debug|x86
		{704CD1C4-8114-489F-BC98-77DF131A78F9}.Debug|x86.Build.0 = Debug|x86
		{704CD1C4-8114-489F-BC98-77DF131A78F9}.Debug|x86.Deploy.0 = Debug|x86
		{704CD1C4-8114-489F-BC98-77DF131A78F9}.Release|ARM.ActiveCfg = Release|ARM
		{704CD1C4-8114-489F-BC98-77DF131A78F9}.Release|ARM.Build.0 = Release|ARM
		{704CD1C4-8114-489F-BC98-77DF131A78F9}.Release|ARM.Deploy.0 = Release|ARM
		{704CD1C4-8114-489F-BC98-77DF131A78F9}.Release|ARM64.ActiveCfg = Release|ARM64
		{704CD1C4-8114-489F-BC98-77DF131A78F9}.Release|ARM64.Build.0 = Release|ARM64
		{704CD1C4-8114-489F-BC98-77DF131A78F9}.Release|ARM64.Deploy.0 = Release|ARM64
		{704CD1C4-8114-489F-BC98-77DF131A78F9}.Release|x64.ActiveCfg = Release|x64
		{704CD1C4-8114-489F-BC98-77DF131A78F9}.Release|x64.Build.0 = Release|x64
		{704CD1C4-8114-489F-BC98-77DF131A78F9}.Release|x64.Deploy.0 = Release|x64
		{704CD1C4-8114-489F-BC98-77DF131A78F9}.Release|x86.ActiveCfg = Release|x86
		{704CD1C4-8114-489F-BC98-77DF131A78F9}.Release|x86.Build.0 = Release|x86
		{704CD1C4-8114-489F-BC98-77DF131A78F9}.Release|x86.Deploy.0 = Release|x86
		{35279559-35CA-420B-8CE8-BE6BF7448FCB}.Debug|ARM.ActiveCfg = Debug|ARM
		{35279559-35CA-420B-8CE8-BE6BF7448FCB}.Debug|ARM.Build.0 = Debug|ARM
		{35279559-35CA-420B-8CE8-BE6BF7448FCB}.Debug|ARM.Deploy.0 = Debug|ARM
		{35279559-35CA-420B-8CE8-BE6BF7448FCB}.Debug|ARM64.ActiveCfg = Debug|ARM64
		{35279559-35CA-420B-8CE8-BE6BF7448FCB}.Debug|ARM64.Build.0 = Debug|ARM64
		{35279559-35CA-420B-8CE8-BE6BF7448FCB}.Debug|ARM64.Deploy.0 = Debug|ARM64
		{35279559-35CA-420B-8CE8-BE6BF7448FCB}.Debug|x64.ActiveCfg = Debug|x64
		{35279559-35CA-420B-8CE8-BE6BF7448FCB}.Debug|x64.Build.0 = Debug|x64
		{35279559-35CA-420B-8CE8-BE6BF7448FCB}.Debug|x64.Deploy.0 = Debug|x64
		{35279559-35CA-420B-8CE8-BE6BF7448FCB}.Debug|x86.ActiveCfg = Debug|x86
		{35279559-35CA-420B-8CE8-BE6BF7448FCB}.Debug|x86.Build.0 = Debug|x86
		{35279559-35CA-420B-8CE8-BE6BF7448FCB}.Debug|x86.Deploy.0 = Debug|x86
		{35279559-35CA-420B-8CE8-BE6BF7448FCB}.Release|ARM.ActiveCfg = Release|ARM
		{35279559-35CA-420B-8CE8-BE6BF7448FCB}.Release|ARM.Build.0 = Release|ARM
		{35279559-35CA-420B-8CE8-BE6BF7448FCB}.Release|ARM.Deploy.0 = Release|ARM
		{35279559-35CA-420B-8CE8-BE6BF7448FCB}.Release|ARM64.ActiveCfg = Release|ARM64
		{35279559-35CA-420B-8CE8-BE6BF7448FCB}.Release|ARM64.Build.0 = Release|ARM64
		{35279559-35CA-420B-8CE8-BE6BF7448FCB}.Release|ARM64.Deploy.0 = Release|ARM64
		{35279559-35CA-420B-8CE8-BE6BF7448FCB}.Release|x64.ActiveCfg = Release|x64
		{35279559-35CA-420B-8CE8-BE6BF7448FCB}.Release|x64.Build.0 = Release|x64
		{35279559-35CA-420B-8CE8-BE6BF7448FCB}.Release|x64.Deploy.0 = Release|x64
		{35279559-35CA-420B-8CE8-BE6BF7448FCB}.Release|x86.ActiveCfg = Release|x86
		{35279559-35CA-420B-8CE8-BE6BF7448FCB}.Release|x86.Build.0 = Release|x86
		{35279559-35CA-420B-8CE8-BE6BF7448FCB}.Release|x86.Deploy.0 = Release|x86
		{5DC18552-8A90-45A5-84F5-A0EC3556ED35}.Debug|ARM.ActiveCfg = Debug|ARM
		{5DC18552-8A90-45A5-84F5-A0EC3556ED35}.Debug|ARM.Build.0 = Debug|ARM
		{5DC18552-8A90-45A5-84F5-A0EC3556ED35}.Debug|ARM.Deploy.0 = Debug|ARM
		{5DC18552-8A90-45A5-84F5-A0EC3556ED35}.Debug|ARM64.ActiveCfg = Debug|ARM64
		{5DC18552-8A90-45A5-84F5-A0EC3556ED35}.Debug|ARM64.Build.0 = Debug|ARM64
		{5DC18552-8A90-45A5-84F5-A0EC3556ED35}.Debug|ARM64.Deploy.0 = Debug|ARM64
		{5DC18552-8A90-45A5-84F5-A0EC3556ED35}.Debug|x64.ActiveCfg = Debug|x64
		{5DC18552-8A90-45A5-84F5-A0EC3556ED35}.Debug|x64.Build.0 = Debug|x64
		{5DC18552-8A90-45A5-84F5-A0EC3556ED35}.Debug|x64.Deploy.0 = Debug|x64
		{5DC18552-8A90-45A5-84F5-A0EC3556ED35}.Debug|x86.ActiveCfg = Debug|x86
		{5DC18552-8A90-45A5-84F5-A0EC3556ED35}.Debug|x86.Build.0 = Debug|x86
		{5DC18552-8A90-45A5-84F5-A0EC3556ED35}.Debug|x86.Deploy.0 = Debug|x86
		{5DC18552-8A90-45A5-84F5-A0EC3556ED35}.Release|ARM.ActiveCfg = Release|ARM
		{5DC18552-8A90-45A5-84F5-A0EC3556ED35}.Release|ARM.Build.0 = Release|ARM
		{5DC18552-8A90-45A5-84F5-A0EC3556ED35}.Release|ARM.Deploy.0 = Release|ARM
		{5DC18552-8A90-45A5-84F5-A0EC3556ED35}.Release|ARM64.ActiveCfg = Release|ARM64
		{5DC18552-8A90-45A5-84F5-A0EC3556ED35}.Release|ARM64.Build.0 = Release|ARM64
		{5DC18552-8A90-45A5-84F5-A0EC3556ED35}.Release|ARM64.Deploy.0 = Release|ARM64
		{5DC18552-8A90-45A5-84F5-A0EC3556ED35}.Release|x64.ActiveCfg = Release|x64
		{5DC18552-8A90-45A5-84F5-A0EC3556ED35}.Release|x64.Build.0 = Release|x64
		{5DC18552-8A90-45A5-84F5-A0EC3556ED35}.Release|x64.Deploy.0 = Release|x64
		{5DC18552-8A90-45A5-84F5-A0EC3556ED35}.Release|x86.ActiveCfg = Release|x86
		{5DC18552-8A90-45A5-84F5-A0EC3556ED35}.Release|x86.Build.0 = Release|x86
		{5DC18552-8A90-45A5-84F5-A0EC3556ED35}.Release|x86.Deploy.0 = Release|x86
	EndGlobalSection
	GlobalSection(SolutionProperties) = preSolution
		HideSolutionNode = FALSE
	EndGlobalSection
	GlobalSection(ExtensibilityGlobals) = postSolution
		SolutionGuid = {C83ABD76-FE34-41E5-BBF9-325544F4B299}
	EndGlobalSection
EndGlobal
